
Microsoft Visual Studio Solution File, Format Version 12.00
# Visual Studio Version 17
VisualStudioVersion = 17.8.34511.84
MinimumVisualStudioVersion = 10.0.40219.1
Project("{FAE04EC0-301F-11D3-BF4B-00C04F79EFBC}") = "PortalVisitantes.API", "PortalVisitantes\PortalVisitantes.API.csproj", "{C52AC2CF-40F0-4BCF-8338-10850DE642C6}"
EndProject
Project("{FAE04EC0-301F-11D3-BF4B-00C04F79EFBC}") = "PortalVisitantes.APP", "PortalVisitantes.APP\PortalVisitantes.APP.csproj", "{2C560ECF-ECA1-40A9-9B58-11CA4F74B01D}"
EndProject
Project("{FAE04EC0-301F-11D3-BF4B-00C04F79EFBC}") = "PotalVisitantes.DATA", "PotalVisitantes.DATA\PotalVisitantes.DATA.csproj", "{614C23EF-3DF7-4C3E-9569-E1F5828D8218}"
EndProject
Global
	GlobalSection(SolutionConfigurationPlatforms) = preSolution
		Debug|Any CPU = Debug|Any CPU
		Release|Any CPU = Release|Any CPU
	EndGlobalSection
	GlobalSection(ProjectConfigurationPlatforms) = postSolution
		{C52AC2CF-40F0-4BCF-8338-10850DE642C6}.Debug|Any CPU.ActiveCfg = Debug|Any CPU
		{C52AC2CF-40F0-4BCF-8338-10850DE642C6}.Debug|Any CPU.Build.0 = Debug|Any CPU
		{C52AC2CF-40F0-4BCF-8338-10850DE642C6}.Release|Any CPU.ActiveCfg = Release|Any CPU
		{C52AC2CF-40F0-4BCF-8338-10850DE642C6}.Release|Any CPU.Build.0 = Release|Any CPU
		{2C560ECF-ECA1-40A9-9B58-11CA4F74B01D}.Debug|Any CPU.ActiveCfg = Debug|Any CPU
		{2C560ECF-ECA1-40A9-9B58-11CA4F74B01D}.Debug|Any CPU.Build.0 = Debug|Any CPU
		{2C560ECF-ECA1-40A9-9B58-11CA4F74B01D}.Release|Any CPU.ActiveCfg = Release|Any CPU
		{2C560ECF-ECA1-40A9-9B58-11CA4F74B01D}.Release|Any CPU.Build.0 = Release|Any CPU
		{614C23EF-3DF7-4C3E-9569-E1F5828D8218}.Debug|Any CPU.ActiveCfg = Debug|Any CPU
		{614C23EF-3DF7-4C3E-9569-E1F5828D8218}.Debug|Any CPU.Build.0 = Debug|Any CPU
		{614C23EF-3DF7-4C3E-9569-E1F5828D8218}.Release|Any CPU.ActiveCfg = Release|Any CPU
		{614C23EF-3DF7-4C3E-9569-E1F5828D8218}.Release|Any CPU.Build.0 = Release|Any CPU
	EndGlobalSection
	GlobalSection(SolutionProperties) = preSolution
		HideSolutionNode = FALSE
	EndGlobalSection
	GlobalSection(ExtensibilityGlobals) = postSolution
		SolutionGuid = {7086935D-AF9D-4E1D-B68B-7B5FA59B562C}
	EndGlobalSection
EndGlobal
